
Microsoft Visual Studio Solution File, Format Version 12.00
# Visual Studio Version 16
VisualStudioVersion = 16.0.30709.132
MinimumVisualStudioVersion = 10.0.40219.1
Project("{6EC3EE1D-3C4E-46DD-8F32-0CC8E7565705}") = "FSharp.GrpcCodeGenerator", "FSharp.GrpcCodeGenerator\FSharp.GrpcCodeGenerator.fsproj", "{724C27AC-0E2B-4515-8BD3-2B96EAEE588B}"
EndProject
Project("{6EC3EE1D-3C4E-46DD-8F32-0CC8E7565705}") = "Protobuf.FSharp", "Protobuf.FSharp\Protobuf.FSharp.fsproj", "{7BD09E4B-EEDD-4818-A0D2-288B3687A1E9}"
EndProject
Project("{6EC3EE1D-3C4E-46DD-8F32-0CC8E7565705}") = "Grpc-FSharp.AspNetCore", "Grpc-FSharp.AspNetCore\Grpc-FSharp.AspNetCore.fsproj", "{99752859-6DF1-4098-BA19-641E17907980}"
EndProject
Project("{6EC3EE1D-3C4E-46DD-8F32-0CC8E7565705}") = "Grpc-FSharp.Net.Client", "Grpc-FSharp.Net.Client\Grpc-FSharp.Net.Client.fsproj", "{65780751-B04F-469C-A81E-C42B2F2D97D6}"
EndProject
Project("{6EC3EE1D-3C4E-46DD-8F32-0CC8E7565705}") = "Grpc-FSharp.Net.ClientFactory", "Grpc-FSharp.Net.ClientFactory\Grpc-FSharp.Net.ClientFactory.fsproj", "{B632FAEA-56A6-499D-BC72-0A2BE01CF51C}"
EndProject
Project("{2150E333-8FDC-42A3-9474-1A3956D46DE8}") = "Meta-packages", "Meta-packages", "{287A3EBD-CBE1-490C-BD8C-81A278578770}"
EndProject
Project("{2150E333-8FDC-42A3-9474-1A3956D46DE8}") = "Solution Items", "Solution Items", "{645D3517-0564-4F95-86BC-22E748B96C7E}"
	ProjectSection(SolutionItems) = preProject
		README.md = README.md
	EndProjectSection
EndProject
Project("{6EC3EE1D-3C4E-46DD-8F32-0CC8E7565705}") = "Grpc-FSharp.Saturn", "Grpc-FSharp.Saturn\Grpc-FSharp.Saturn.fsproj", "{36C3A647-7A0E-49A9-B23F-9FFA6B5DA9E8}"
EndProject
Project("{F2A71F9B-5D33-465A-A702-920D77279786}") = "Grpc-FSharp.Tools", "Grpc-FSharp.Tools\Grpc-FSharp.Tools.fsproj", "{C9F7BF0F-7477-4490-B3CA-E9F693613B6E}"
EndProject
Global
	GlobalSection(SolutionConfigurationPlatforms) = preSolution
		Debug|Any CPU = Debug|Any CPU
		Release|Any CPU = Release|Any CPU
	EndGlobalSection
	GlobalSection(ProjectConfigurationPlatforms) = postSolution
		{724C27AC-0E2B-4515-8BD3-2B96EAEE588B}.Debug|Any CPU.ActiveCfg = Debug|Any CPU
		{724C27AC-0E2B-4515-8BD3-2B96EAEE588B}.Debug|Any CPU.Build.0 = Debug|Any CPU
		{724C27AC-0E2B-4515-8BD3-2B96EAEE588B}.Release|Any CPU.ActiveCfg = Release|Any CPU
		{724C27AC-0E2B-4515-8BD3-2B96EAEE588B}.Release|Any CPU.Build.0 = Release|Any CPU
		{7BD09E4B-EEDD-4818-A0D2-288B3687A1E9}.Debug|Any CPU.ActiveCfg = Debug|Any CPU
		{7BD09E4B-EEDD-4818-A0D2-288B3687A1E9}.Debug|Any CPU.Build.0 = Debug|Any CPU
		{7BD09E4B-EEDD-4818-A0D2-288B3687A1E9}.Release|Any CPU.ActiveCfg = Release|Any CPU
		{7BD09E4B-EEDD-4818-A0D2-288B3687A1E9}.Release|Any CPU.Build.0 = Release|Any CPU
		{99752859-6DF1-4098-BA19-641E17907980}.Debug|Any CPU.ActiveCfg = Debug|Any CPU
		{99752859-6DF1-4098-BA19-641E17907980}.Debug|Any CPU.Build.0 = Debug|Any CPU
		{99752859-6DF1-4098-BA19-641E17907980}.Release|Any CPU.ActiveCfg = Release|Any CPU
		{99752859-6DF1-4098-BA19-641E17907980}.Release|Any CPU.Build.0 = Release|Any CPU
		{65780751-B04F-469C-A81E-C42B2F2D97D6}.Debug|Any CPU.ActiveCfg = Debug|Any CPU
		{65780751-B04F-469C-A81E-C42B2F2D97D6}.Debug|Any CPU.Build.0 = Debug|Any CPU
		{65780751-B04F-469C-A81E-C42B2F2D97D6}.Release|Any CPU.ActiveCfg = Release|Any CPU
		{65780751-B04F-469C-A81E-C42B2F2D97D6}.Release|Any CPU.Build.0 = Release|Any CPU
		{B632FAEA-56A6-499D-BC72-0A2BE01CF51C}.Debug|Any CPU.ActiveCfg = Debug|Any CPU
		{B632FAEA-56A6-499D-BC72-0A2BE01CF51C}.Debug|Any CPU.Build.0 = Debug|Any CPU
		{B632FAEA-56A6-499D-BC72-0A2BE01CF51C}.Release|Any CPU.ActiveCfg = Release|Any CPU
		{B632FAEA-56A6-499D-BC72-0A2BE01CF51C}.Release|Any CPU.Build.0 = Release|Any CPU
		{36C3A647-7A0E-49A9-B23F-9FFA6B5DA9E8}.Debug|Any CPU.ActiveCfg = Debug|Any CPU
		{36C3A647-7A0E-49A9-B23F-9FFA6B5DA9E8}.Debug|Any CPU.Build.0 = Debug|Any CPU
		{36C3A647-7A0E-49A9-B23F-9FFA6B5DA9E8}.Release|Any CPU.ActiveCfg = Release|Any CPU
		{36C3A647-7A0E-49A9-B23F-9FFA6B5DA9E8}.Release|Any CPU.Build.0 = Release|Any CPU
		{C9F7BF0F-7477-4490-B3CA-E9F693613B6E}.Debug|Any CPU.ActiveCfg = Debug|Any CPU
		{C9F7BF0F-7477-4490-B3CA-E9F693613B6E}.Debug|Any CPU.Build.0 = Debug|Any CPU
		{C9F7BF0F-7477-4490-B3CA-E9F693613B6E}.Release|Any CPU.ActiveCfg = Release|Any CPU
		{C9F7BF0F-7477-4490-B3CA-E9F693613B6E}.Release|Any CPU.Build.0 = Release|Any CPU
	EndGlobalSection
	GlobalSection(SolutionProperties) = preSolution
		HideSolutionNode = FALSE
	EndGlobalSection
	GlobalSection(NestedProjects) = preSolution
		{99752859-6DF1-4098-BA19-641E17907980} = {287A3EBD-CBE1-490C-BD8C-81A278578770}
		{65780751-B04F-469C-A81E-C42B2F2D97D6} = {287A3EBD-CBE1-490C-BD8C-81A278578770}
		{B632FAEA-56A6-499D-BC72-0A2BE01CF51C} = {287A3EBD-CBE1-490C-BD8C-81A278578770}
	EndGlobalSection
	GlobalSection(ExtensibilityGlobals) = postSolution
		SolutionGuid = {62B40E8D-02F9-44A4-83EE-8663EF14917E}
	EndGlobalSection
EndGlobal
